{
  "name": "helix-lead-form",
  "version": "1.0.0",
  "lockfileVersion": 3,
  "requires": true,
  "packages": {
    "": {
      "name": "helix-lead-form",
      "version": "1.0.0",
      "dependencies": {
        "nodemailer": "^6.9.15"
      }
    },
    "node_modules/nodemailer": {
      "version": "6.9.15",
      "resolved": "https://registry.npmjs.org/nodemailer/-/nodemailer-6.9.15.tgz",
      "integrity": "sha512-qB0EH0o2jIv0G8E9QXQsYCWmJw4x4d7c2Tpm8z5Mq1WnMuA7WoDX4bbZdUoV2ZJzfaXjgoZblpM+bT/5s/3+7mQ==",
      "engines": {
        "node": ">=6.0.0"
      }
    }
  },
  "dependencies": {
    "nodemailer": {
      "version": "6.9.15",
      "resolved": "https://registry.npmjs.org/nodemailer/-/nodemailer-6.9.15.tgz",
      "integrity": "sha512-qB0EH0o2jIv0G8E9QXQsYCWmJw4x4d7c2Tpm8z5Mq1WnMuA7WoDX4bbZdUoV2ZJzfaXjgoZblpM+bT/5s/3+7mQ=="
    }
  }
}
